
Microsoft Visual Studio Solution File, Format Version 12.00
# Visual Studio 15
VisualStudioVersion = 15.0.26430.6
MinimumVisualStudioVersion = 10.0.40219.1
Project("{FAE04EC0-301F-11D3-BF4B-00C04F79EFBC}") = "Example3.1.1", "Example3.1.1\Example3.1.1.csproj", "{BB7DA8B6-2C9B-4532-AE78-518A7FD9920E}"
EndProject
Global
	GlobalSection(SolutionConfigurationPlatforms) = preSolution
		Debug|Any CPU = Debug|Any CPU
		Release|Any CPU = Release|Any CPU
	EndGlobalSection
	GlobalSection(ProjectConfigurationPlatforms) = postSolution
		{BB7DA8B6-2C9B-4532-AE78-518A7FD9920E}.Debug|Any CPU.ActiveCfg = Debug|Any CPU
		{BB7DA8B6-2C9B-4532-AE78-518A7FD9920E}.Debug|Any CPU.Build.0 = Debug|Any CPU
		{BB7DA8B6-2C9B-4532-AE78-518A7FD9920E}.Release|Any CPU.ActiveCfg = Release|Any CPU
		{BB7DA8B6-2C9B-4532-AE78-518A7FD9920E}.Release|Any CPU.Build.0 = Release|Any CPU
	EndGlobalSection
	GlobalSection(SolutionProperties) = preSolution
		HideSolutionNode = FALSE
	EndGlobalSection
EndGlobal
